
Microsoft Visual Studio Solution File, Format Version 12.00
# Visual Studio Version 17
VisualStudioVersion = 17.10.35013.160
MinimumVisualStudioVersion = 10.0.40219.1
Project("{FAE04EC0-301F-11D3-BF4B-00C04F79EFBC}") = "AppVolumeHotkeys", "AppVolumeHotkeys\AppVolumeHotkeys.csproj", "{DF3CC9FC-5DCB-49A2-BCD3-7AAFCC8EE0DA}"
EndProject
Global
	GlobalSection(SolutionConfigurationPlatforms) = preSolution
		Debug|Any CPU = Debug|Any CPU
		Release|Any CPU = Release|Any CPU
	EndGlobalSection
	GlobalSection(ProjectConfigurationPlatforms) = postSolution
		{DF3CC9FC-5DCB-49A2-BCD3-7AAFCC8EE0DA}.Debug|Any CPU.ActiveCfg = Debug|Any CPU
		{DF3CC9FC-5DCB-49A2-BCD3-7AAFCC8EE0DA}.Debug|Any CPU.Build.0 = Debug|Any CPU
		{DF3CC9FC-5DCB-49A2-BCD3-7AAFCC8EE0DA}.Release|Any CPU.ActiveCfg = Release|Any CPU
		{DF3CC9FC-5DCB-49A2-BCD3-7AAFCC8EE0DA}.Release|Any CPU.Build.0 = Release|Any CPU
	EndGlobalSection
	GlobalSection(SolutionProperties) = preSolution
		HideSolutionNode = FALSE
	EndGlobalSection
	GlobalSection(ExtensibilityGlobals) = postSolution
		SolutionGuid = {BB9D7654-0C07-4FF8-9A7B-4BB189F78CEA}
	EndGlobalSection
EndGlobal
